
Microsoft Visual Studio Solution File, Format Version 12.00
# Visual Studio Version 17
VisualStudioVersion = 17.9.34728.123
MinimumVisualStudioVersion = 10.0.40219.1
Project("{FAE04EC0-301F-11D3-BF4B-00C04F79EFBC}") = "TDT.Core", "TDT.Core\TDT.Core.csproj", "{5A87839A-43EF-4CE7-8A2B-6A11FC7DD23C}"
EndProject
Project("{FAE04EC0-301F-11D3-BF4B-00C04F79EFBC}") = "TDT.Data", "TDT.Data\TDT.Data.csproj", "{EB08007B-A5C3-4023-84AF-C4A6F38623CF}"
EndProject
Global
	GlobalSection(SolutionConfigurationPlatforms) = preSolution
		Debug|Any CPU = Debug|Any CPU
		Release|Any CPU = Release|Any CPU
	EndGlobalSection
	GlobalSection(ProjectConfigurationPlatforms) = postSolution
		{5A87839A-43EF-4CE7-8A2B-6A11FC7DD23C}.Debug|Any CPU.ActiveCfg = Debug|Any CPU
		{5A87839A-43EF-4CE7-8A2B-6A11FC7DD23C}.Debug|Any CPU.Build.0 = Debug|Any CPU
		{5A87839A-43EF-4CE7-8A2B-6A11FC7DD23C}.Release|Any CPU.ActiveCfg = Release|Any CPU
		{5A87839A-43EF-4CE7-8A2B-6A11FC7DD23C}.Release|Any CPU.Build.0 = Release|Any CPU
		{EB08007B-A5C3-4023-84AF-C4A6F38623CF}.Debug|Any CPU.ActiveCfg = Debug|Any CPU
		{EB08007B-A5C3-4023-84AF-C4A6F38623CF}.Debug|Any CPU.Build.0 = Debug|Any CPU
		{EB08007B-A5C3-4023-84AF-C4A6F38623CF}.Release|Any CPU.ActiveCfg = Release|Any CPU
		{EB08007B-A5C3-4023-84AF-C4A6F38623CF}.Release|Any CPU.Build.0 = Release|Any CPU
	EndGlobalSection
	GlobalSection(SolutionProperties) = preSolution
		HideSolutionNode = FALSE
	EndGlobalSection
	GlobalSection(ExtensibilityGlobals) = postSolution
		SolutionGuid = {ABA5DFEE-EE11-4183-83C9-5073DB2CD37D}
	EndGlobalSection
EndGlobal
