
Microsoft Visual Studio Solution File, Format Version 12.00
# Visual Studio 15
VisualStudioVersion = 15.0.28307.271
MinimumVisualStudioVersion = 10.0.40219.1
Project("{FAE04EC0-301F-11D3-BF4B-00C04F79EFBC}") = "MovieTracker", "MovieTracker\MovieTracker.csproj", "{0EEB3AF1-AF1F-47F0-AAE3-63FCDE98C3E0}"
EndProject
Project("{FAE04EC0-301F-11D3-BF4B-00C04F79EFBC}") = "MovieTracker.Infra", "MovieTracker.Infra\MovieTracker.Infra.csproj", "{4E316DE3-5B56-4CE3-8F07-0CE6D5DA6D3E}"
EndProject
Project("{FAE04EC0-301F-11D3-BF4B-00C04F79EFBC}") = "MovieTracker.Core", "MovieTracker.Core\MovieTracker.Core.csproj", "{09FA12F8-5154-446C-9381-1F525D06A75A}"
EndProject
Global
	GlobalSection(SolutionConfigurationPlatforms) = preSolution
		Debug|Any CPU = Debug|Any CPU
		Release|Any CPU = Release|Any CPU
	EndGlobalSection
	GlobalSection(ProjectConfigurationPlatforms) = postSolution
		{0EEB3AF1-AF1F-47F0-AAE3-63FCDE98C3E0}.Debug|Any CPU.ActiveCfg = Debug|Any CPU
		{0EEB3AF1-AF1F-47F0-AAE3-63FCDE98C3E0}.Debug|Any CPU.Build.0 = Debug|Any CPU
		{0EEB3AF1-AF1F-47F0-AAE3-63FCDE98C3E0}.Release|Any CPU.ActiveCfg = Release|Any CPU
		{0EEB3AF1-AF1F-47F0-AAE3-63FCDE98C3E0}.Release|Any CPU.Build.0 = Release|Any CPU
		{4E316DE3-5B56-4CE3-8F07-0CE6D5DA6D3E}.Debug|Any CPU.ActiveCfg = Debug|Any CPU
		{4E316DE3-5B56-4CE3-8F07-0CE6D5DA6D3E}.Debug|Any CPU.Build.0 = Debug|Any CPU
		{4E316DE3-5B56-4CE3-8F07-0CE6D5DA6D3E}.Release|Any CPU.ActiveCfg = Release|Any CPU
		{4E316DE3-5B56-4CE3-8F07-0CE6D5DA6D3E}.Release|Any CPU.Build.0 = Release|Any CPU
		{09FA12F8-5154-446C-9381-1F525D06A75A}.Debug|Any CPU.ActiveCfg = Debug|Any CPU
		{09FA12F8-5154-446C-9381-1F525D06A75A}.Debug|Any CPU.Build.0 = Debug|Any CPU
		{09FA12F8-5154-446C-9381-1F525D06A75A}.Release|Any CPU.ActiveCfg = Release|Any CPU
		{09FA12F8-5154-446C-9381-1F525D06A75A}.Release|Any CPU.Build.0 = Release|Any CPU
	EndGlobalSection
	GlobalSection(SolutionProperties) = preSolution
		HideSolutionNode = FALSE
	EndGlobalSection
	GlobalSection(ExtensibilityGlobals) = postSolution
		SolutionGuid = {F9D9957A-BBFE-478E-AD9E-52411E3B2227}
	EndGlobalSection
EndGlobal
