
Microsoft Visual Studio Solution File, Format Version 12.00
# Visual Studio 15
VisualStudioVersion = 15.0.28307.271
MinimumVisualStudioVersion = 10.0.40219.1
Project("{9A19103F-16F7-4668-BE54-9A1E7A4F7556}") = "MovieTracker", "MovieTracker\MovieTracker.csproj", "{0EEB3AF1-AF1F-47F0-AAE3-63FCDE98C3E0}"
EndProject
Project("{2150E333-8FDC-42A3-9474-1A3956D46DE8}") = "Solution Items", "Solution Items", "{76FBD7F6-F949-461C-81B3-FD20629BE08E}"
	ProjectSection(SolutionItems) = preProject
		dummy.json = dummy.json
		support_angularjs.txt = support_angularjs.txt
		support_blazor.txt = support_blazor.txt
	EndProjectSection
EndProject
Project("{9A19103F-16F7-4668-BE54-9A1E7A4F7556}") = "MovieTracker.Core", "MovieTracker.Core\MovieTracker.Core.csproj", "{DB2425F1-C3F9-48DB-9E34-6A26187923D5}"
EndProject
Project("{9A19103F-16F7-4668-BE54-9A1E7A4F7556}") = "MovieTracker.Infra", "MovieTracker.Infra\MovieTracker.Infra.csproj", "{794A36B3-EEFA-40A4-BB1A-0B45D263D254}"
EndProject
Global
	GlobalSection(SolutionConfigurationPlatforms) = preSolution
		Debug|Any CPU = Debug|Any CPU
		Release|Any CPU = Release|Any CPU
	EndGlobalSection
	GlobalSection(ProjectConfigurationPlatforms) = postSolution
		{0EEB3AF1-AF1F-47F0-AAE3-63FCDE98C3E0}.Debug|Any CPU.ActiveCfg = Debug|Any CPU
		{0EEB3AF1-AF1F-47F0-AAE3-63FCDE98C3E0}.Debug|Any CPU.Build.0 = Debug|Any CPU
		{0EEB3AF1-AF1F-47F0-AAE3-63FCDE98C3E0}.Release|Any CPU.ActiveCfg = Release|Any CPU
		{0EEB3AF1-AF1F-47F0-AAE3-63FCDE98C3E0}.Release|Any CPU.Build.0 = Release|Any CPU
		{DB2425F1-C3F9-48DB-9E34-6A26187923D5}.Debug|Any CPU.ActiveCfg = Debug|Any CPU
		{DB2425F1-C3F9-48DB-9E34-6A26187923D5}.Debug|Any CPU.Build.0 = Debug|Any CPU
		{DB2425F1-C3F9-48DB-9E34-6A26187923D5}.Release|Any CPU.ActiveCfg = Release|Any CPU
		{DB2425F1-C3F9-48DB-9E34-6A26187923D5}.Release|Any CPU.Build.0 = Release|Any CPU
		{794A36B3-EEFA-40A4-BB1A-0B45D263D254}.Debug|Any CPU.ActiveCfg = Debug|Any CPU
		{794A36B3-EEFA-40A4-BB1A-0B45D263D254}.Debug|Any CPU.Build.0 = Debug|Any CPU
		{794A36B3-EEFA-40A4-BB1A-0B45D263D254}.Release|Any CPU.ActiveCfg = Release|Any CPU
		{794A36B3-EEFA-40A4-BB1A-0B45D263D254}.Release|Any CPU.Build.0 = Release|Any CPU
	EndGlobalSection
	GlobalSection(SolutionProperties) = preSolution
		HideSolutionNode = FALSE
	EndGlobalSection
	GlobalSection(ExtensibilityGlobals) = postSolution
		SolutionGuid = {F9D9957A-BBFE-478E-AD9E-52411E3B2227}
	EndGlobalSection
EndGlobal
