
Microsoft Visual Studio Solution File, Format Version 12.00
# Visual Studio Version 17
VisualStudioVersion = 17.8.34316.72
MinimumVisualStudioVersion = 10.0.40219.1
Project("{9A19103F-16F7-4668-BE54-9A1E7A4F7556}") = "Core", "Core\Core.csproj", "{5AEBFDA5-FFC0-4FE3-92F8-BA923C436B08}"
EndProject
Project("{9A19103F-16F7-4668-BE54-9A1E7A4F7556}") = "Infra", "Infra\Infra.csproj", "{3A175473-14D7-41F5-B3C3-729B8C89132D}"
EndProject
Project("{9A19103F-16F7-4668-BE54-9A1E7A4F7556}") = "Api", "Api\Api.csproj", "{E7F8C372-C1E0-4844-A7BB-72B9EA80A68C}"
EndProject
Project("{2150E333-8FDC-42A3-9474-1A3956D46DE8}") = "support", "support", "{2DE7B5ED-784B-4368-875B-BE6BE53F7FF0}"
	ProjectSection(SolutionItems) = preProject
		support.txt = support.txt
	EndProjectSection
EndProject
Project("{2150E333-8FDC-42A3-9474-1A3956D46DE8}") = "Version1", "Version1", "{55C3D5C3-C0EF-4756-8E18-787B3F614752}"
EndProject
Global
	GlobalSection(SolutionConfigurationPlatforms) = preSolution
		Debug|Any CPU = Debug|Any CPU
		Release|Any CPU = Release|Any CPU
	EndGlobalSection
	GlobalSection(ProjectConfigurationPlatforms) = postSolution
		{5AEBFDA5-FFC0-4FE3-92F8-BA923C436B08}.Debug|Any CPU.ActiveCfg = Debug|Any CPU
		{5AEBFDA5-FFC0-4FE3-92F8-BA923C436B08}.Debug|Any CPU.Build.0 = Debug|Any CPU
		{5AEBFDA5-FFC0-4FE3-92F8-BA923C436B08}.Release|Any CPU.ActiveCfg = Release|Any CPU
		{5AEBFDA5-FFC0-4FE3-92F8-BA923C436B08}.Release|Any CPU.Build.0 = Release|Any CPU
		{3A175473-14D7-41F5-B3C3-729B8C89132D}.Debug|Any CPU.ActiveCfg = Debug|Any CPU
		{3A175473-14D7-41F5-B3C3-729B8C89132D}.Debug|Any CPU.Build.0 = Debug|Any CPU
		{3A175473-14D7-41F5-B3C3-729B8C89132D}.Release|Any CPU.ActiveCfg = Release|Any CPU
		{3A175473-14D7-41F5-B3C3-729B8C89132D}.Release|Any CPU.Build.0 = Release|Any CPU
		{E7F8C372-C1E0-4844-A7BB-72B9EA80A68C}.Debug|Any CPU.ActiveCfg = Debug|Any CPU
		{E7F8C372-C1E0-4844-A7BB-72B9EA80A68C}.Debug|Any CPU.Build.0 = Debug|Any CPU
		{E7F8C372-C1E0-4844-A7BB-72B9EA80A68C}.Release|Any CPU.ActiveCfg = Release|Any CPU
		{E7F8C372-C1E0-4844-A7BB-72B9EA80A68C}.Release|Any CPU.Build.0 = Release|Any CPU
	EndGlobalSection
	GlobalSection(SolutionProperties) = preSolution
		HideSolutionNode = FALSE
	EndGlobalSection
	GlobalSection(NestedProjects) = preSolution
		{5AEBFDA5-FFC0-4FE3-92F8-BA923C436B08} = {55C3D5C3-C0EF-4756-8E18-787B3F614752}
		{3A175473-14D7-41F5-B3C3-729B8C89132D} = {55C3D5C3-C0EF-4756-8E18-787B3F614752}
		{E7F8C372-C1E0-4844-A7BB-72B9EA80A68C} = {55C3D5C3-C0EF-4756-8E18-787B3F614752}
	EndGlobalSection
	GlobalSection(ExtensibilityGlobals) = postSolution
		SolutionGuid = {8F5FEA45-BAD3-4E9C-AAD0-FD91B8DECA16}
	EndGlobalSection
EndGlobal
