
Microsoft Visual Studio Solution File, Format Version 12.00
# Visual Studio Version 17
VisualStudioVersion = 17.9.34607.119
MinimumVisualStudioVersion = 10.0.40219.1
Project("{FAE04EC0-301F-11D3-BF4B-00C04F79EFBC}") = "MT.Api", "MT.Api\MT.Api.csproj", "{880F45F6-A8EC-4CB3-889F-0B07419C9662}"
EndProject
Project("{2150E333-8FDC-42A3-9474-1A3956D46DE8}") = "support", "support", "{DFD98759-3463-4A69-9724-B1CAD2D15BAD}"
	ProjectSection(SolutionItems) = preProject
		support.txt = support.txt
	EndProjectSection
EndProject
Global
	GlobalSection(SolutionConfigurationPlatforms) = preSolution
		Debug|Any CPU = Debug|Any CPU
		Release|Any CPU = Release|Any CPU
	EndGlobalSection
	GlobalSection(ProjectConfigurationPlatforms) = postSolution
		{880F45F6-A8EC-4CB3-889F-0B07419C9662}.Debug|Any CPU.ActiveCfg = Debug|Any CPU
		{880F45F6-A8EC-4CB3-889F-0B07419C9662}.Debug|Any CPU.Build.0 = Debug|Any CPU
		{880F45F6-A8EC-4CB3-889F-0B07419C9662}.Release|Any CPU.ActiveCfg = Release|Any CPU
		{880F45F6-A8EC-4CB3-889F-0B07419C9662}.Release|Any CPU.Build.0 = Release|Any CPU
	EndGlobalSection
	GlobalSection(SolutionProperties) = preSolution
		HideSolutionNode = FALSE
	EndGlobalSection
	GlobalSection(ExtensibilityGlobals) = postSolution
		SolutionGuid = {E6D75EF2-6FBF-40A2-B7A7-94217B2A3DD0}
	EndGlobalSection
EndGlobal
