
Microsoft Visual Studio Solution File, Format Version 12.00
# Visual Studio Version 17
VisualStudioVersion = 17.12.35707.178 d17.12
MinimumVisualStudioVersion = 10.0.40219.1
Project("{FAE04EC0-301F-11D3-BF4B-00C04F79EFBC}") = "Application", "MovieTracker\src\Application\Application.csproj", "{81F9DE96-363F-45F5-B367-8EED3CD5E4A0}"
EndProject
Project("{FAE04EC0-301F-11D3-BF4B-00C04F79EFBC}") = "Domain", "MovieTracker\src\Domain\Domain.csproj", "{4C147F2D-DB95-4ED2-AE02-A812149F7D40}"
EndProject
Project("{FAE04EC0-301F-11D3-BF4B-00C04F79EFBC}") = "Infrastructure", "MovieTracker\src\Infrastructure\Infrastructure.csproj", "{288E62E4-8202-4712-B4C6-18CD6792788E}"
EndProject
Project("{FAE04EC0-301F-11D3-BF4B-00C04F79EFBC}") = "Web", "MovieTracker\src\Web\Web.csproj", "{AD1AE407-F564-4378-AD38-0FAA007B8E32}"
EndProject
Project("{FAE04EC0-301F-11D3-BF4B-00C04F79EFBC}") = "Application.FunctionalTests", "MovieTracker\tests\Application.FunctionalTests\Application.FunctionalTests.csproj", "{B8224469-39D7-4093-8F61-FD4F690D3AB2}"
EndProject
Project("{FAE04EC0-301F-11D3-BF4B-00C04F79EFBC}") = "Application.UnitTests", "MovieTracker\tests\Application.UnitTests\Application.UnitTests.csproj", "{A95FDF39-3065-4844-9D25-49EF841B7957}"
EndProject
Project("{FAE04EC0-301F-11D3-BF4B-00C04F79EFBC}") = "Domain.UnitTests", "MovieTracker\tests\Domain.UnitTests\Domain.UnitTests.csproj", "{CCAD89AF-B17B-4A07-BA5C-AFCA33E0D2B3}"
EndProject
Project("{FAE04EC0-301F-11D3-BF4B-00C04F79EFBC}") = "Infrastructure.IntegrationTests", "MovieTracker\tests\Infrastructure.IntegrationTests\Infrastructure.IntegrationTests.csproj", "{005E34D0-045F-4F7F-942D-68401A681922}"
EndProject
Project("{FAE04EC0-301F-11D3-BF4B-00C04F79EFBC}") = "Web.AcceptanceTests", "MovieTracker\tests\Web.AcceptanceTests\Web.AcceptanceTests.csproj", "{3B4F2ED7-2486-4362-B27C-836E88A101B7}"
EndProject
Global
	GlobalSection(SolutionConfigurationPlatforms) = preSolution
		Debug|Any CPU = Debug|Any CPU
		Release|Any CPU = Release|Any CPU
	EndGlobalSection
	GlobalSection(ProjectConfigurationPlatforms) = postSolution
		{81F9DE96-363F-45F5-B367-8EED3CD5E4A0}.Debug|Any CPU.ActiveCfg = Debug|Any CPU
		{81F9DE96-363F-45F5-B367-8EED3CD5E4A0}.Debug|Any CPU.Build.0 = Debug|Any CPU
		{81F9DE96-363F-45F5-B367-8EED3CD5E4A0}.Release|Any CPU.ActiveCfg = Release|Any CPU
		{81F9DE96-363F-45F5-B367-8EED3CD5E4A0}.Release|Any CPU.Build.0 = Release|Any CPU
		{4C147F2D-DB95-4ED2-AE02-A812149F7D40}.Debug|Any CPU.ActiveCfg = Debug|Any CPU
		{4C147F2D-DB95-4ED2-AE02-A812149F7D40}.Debug|Any CPU.Build.0 = Debug|Any CPU
		{4C147F2D-DB95-4ED2-AE02-A812149F7D40}.Release|Any CPU.ActiveCfg = Release|Any CPU
		{4C147F2D-DB95-4ED2-AE02-A812149F7D40}.Release|Any CPU.Build.0 = Release|Any CPU
		{288E62E4-8202-4712-B4C6-18CD6792788E}.Debug|Any CPU.ActiveCfg = Debug|Any CPU
		{288E62E4-8202-4712-B4C6-18CD6792788E}.Debug|Any CPU.Build.0 = Debug|Any CPU
		{288E62E4-8202-4712-B4C6-18CD6792788E}.Release|Any CPU.ActiveCfg = Release|Any CPU
		{288E62E4-8202-4712-B4C6-18CD6792788E}.Release|Any CPU.Build.0 = Release|Any CPU
		{AD1AE407-F564-4378-AD38-0FAA007B8E32}.Debug|Any CPU.ActiveCfg = Debug|Any CPU
		{AD1AE407-F564-4378-AD38-0FAA007B8E32}.Debug|Any CPU.Build.0 = Debug|Any CPU
		{AD1AE407-F564-4378-AD38-0FAA007B8E32}.Release|Any CPU.ActiveCfg = Release|Any CPU
		{AD1AE407-F564-4378-AD38-0FAA007B8E32}.Release|Any CPU.Build.0 = Release|Any CPU
		{B8224469-39D7-4093-8F61-FD4F690D3AB2}.Debug|Any CPU.ActiveCfg = Debug|Any CPU
		{B8224469-39D7-4093-8F61-FD4F690D3AB2}.Debug|Any CPU.Build.0 = Debug|Any CPU
		{B8224469-39D7-4093-8F61-FD4F690D3AB2}.Release|Any CPU.ActiveCfg = Release|Any CPU
		{B8224469-39D7-4093-8F61-FD4F690D3AB2}.Release|Any CPU.Build.0 = Release|Any CPU
		{A95FDF39-3065-4844-9D25-49EF841B7957}.Debug|Any CPU.ActiveCfg = Debug|Any CPU
		{A95FDF39-3065-4844-9D25-49EF841B7957}.Debug|Any CPU.Build.0 = Debug|Any CPU
		{A95FDF39-3065-4844-9D25-49EF841B7957}.Release|Any CPU.ActiveCfg = Release|Any CPU
		{A95FDF39-3065-4844-9D25-49EF841B7957}.Release|Any CPU.Build.0 = Release|Any CPU
		{CCAD89AF-B17B-4A07-BA5C-AFCA33E0D2B3}.Debug|Any CPU.ActiveCfg = Debug|Any CPU
		{CCAD89AF-B17B-4A07-BA5C-AFCA33E0D2B3}.Debug|Any CPU.Build.0 = Debug|Any CPU
		{CCAD89AF-B17B-4A07-BA5C-AFCA33E0D2B3}.Release|Any CPU.ActiveCfg = Release|Any CPU
		{CCAD89AF-B17B-4A07-BA5C-AFCA33E0D2B3}.Release|Any CPU.Build.0 = Release|Any CPU
		{005E34D0-045F-4F7F-942D-68401A681922}.Debug|Any CPU.ActiveCfg = Debug|Any CPU
		{005E34D0-045F-4F7F-942D-68401A681922}.Debug|Any CPU.Build.0 = Debug|Any CPU
		{005E34D0-045F-4F7F-942D-68401A681922}.Release|Any CPU.ActiveCfg = Release|Any CPU
		{005E34D0-045F-4F7F-942D-68401A681922}.Release|Any CPU.Build.0 = Release|Any CPU
		{3B4F2ED7-2486-4362-B27C-836E88A101B7}.Debug|Any CPU.ActiveCfg = Debug|Any CPU
		{3B4F2ED7-2486-4362-B27C-836E88A101B7}.Debug|Any CPU.Build.0 = Debug|Any CPU
		{3B4F2ED7-2486-4362-B27C-836E88A101B7}.Release|Any CPU.ActiveCfg = Release|Any CPU
		{3B4F2ED7-2486-4362-B27C-836E88A101B7}.Release|Any CPU.Build.0 = Release|Any CPU
	EndGlobalSection
	GlobalSection(SolutionProperties) = preSolution
		HideSolutionNode = FALSE
	EndGlobalSection
EndGlobal
