
Microsoft Visual Studio Solution File, Format Version 12.00
# Visual Studio 15
VisualStudioVersion = 15.0.28307.329
MinimumVisualStudioVersion = 10.0.40219.1
Project("{FAE04EC0-301F-11D3-BF4B-00C04F79EFBC}") = "MovieTracker", "MovieTracker\MovieTracker.csproj", "{6A9F5301-9203-476C-B2C4-89A3CE4AB798}"
EndProject
Global
	GlobalSection(SolutionConfigurationPlatforms) = preSolution
		Debug|Any CPU = Debug|Any CPU
		Release|Any CPU = Release|Any CPU
	EndGlobalSection
	GlobalSection(ProjectConfigurationPlatforms) = postSolution
		{6A9F5301-9203-476C-B2C4-89A3CE4AB798}.Debug|Any CPU.ActiveCfg = Debug|Any CPU
		{6A9F5301-9203-476C-B2C4-89A3CE4AB798}.Debug|Any CPU.Build.0 = Debug|Any CPU
		{6A9F5301-9203-476C-B2C4-89A3CE4AB798}.Release|Any CPU.ActiveCfg = Release|Any CPU
		{6A9F5301-9203-476C-B2C4-89A3CE4AB798}.Release|Any CPU.Build.0 = Release|Any CPU
	EndGlobalSection
	GlobalSection(SolutionProperties) = preSolution
		HideSolutionNode = FALSE
	EndGlobalSection
	GlobalSection(ExtensibilityGlobals) = postSolution
		SolutionGuid = {C7006DED-4F1C-41EC-9F13-1EC20E51FB88}
	EndGlobalSection
EndGlobal
