
Microsoft Visual Studio Solution File, Format Version 12.00
# Visual Studio Version 17
VisualStudioVersion = 17.7.34221.43
MinimumVisualStudioVersion = 10.0.40219.1
Project("{FAE04EC0-301F-11D3-BF4B-00C04F79EFBC}") = "MyEFxCorePOC.API", "MyEFxCorePOC.API\MyEFxCorePOC.API.csproj", "{491F219F-B54D-4C0D-967D-C082805EB435}"
EndProject
Global
	GlobalSection(SolutionConfigurationPlatforms) = preSolution
		Debug|Any CPU = Debug|Any CPU
		Release|Any CPU = Release|Any CPU
	EndGlobalSection
	GlobalSection(ProjectConfigurationPlatforms) = postSolution
		{491F219F-B54D-4C0D-967D-C082805EB435}.Debug|Any CPU.ActiveCfg = Debug|Any CPU
		{491F219F-B54D-4C0D-967D-C082805EB435}.Debug|Any CPU.Build.0 = Debug|Any CPU
		{491F219F-B54D-4C0D-967D-C082805EB435}.Release|Any CPU.ActiveCfg = Release|Any CPU
		{491F219F-B54D-4C0D-967D-C082805EB435}.Release|Any CPU.Build.0 = Release|Any CPU
	EndGlobalSection
	GlobalSection(SolutionProperties) = preSolution
		HideSolutionNode = FALSE
	EndGlobalSection
	GlobalSection(ExtensibilityGlobals) = postSolution
		SolutionGuid = {60929B69-307C-4189-A5A9-087E88934464}
	EndGlobalSection
EndGlobal
